// !$*UTF8*$!
{
	archiveVersion = 1;
	classes = {
	};
	objectVersion = 50;
	objects = {

/* Begin PBXBuildFile section */
		BDD9D30424D8B03E0041824F /* AppDelegate.m in Sources */ = {isa = PBXBuildFile; fileRef = BDD9D30324D8B03E0041824F /* AppDelegate.m */; };
		BDD9D30724D8B03E0041824F /* SceneDelegate.m in Sources */ = {isa = PBXBuildFile; fileRef = BDD9D30624D8B03E0041824F /* SceneDelegate.m */; };
		BDD9D30A24D8B03E0041824F /* ViewController.m in Sources */ = {isa = PBXBuildFile; fileRef = BDD9D30924D8B03E0041824F /* ViewController.m */; };
		BDD9D30D24D8B03F0041824F /* Main.storyboard in Resources */ = {isa = PBXBuildFile; fileRef = BDD9D30B24D8B03F0041824F /* Main.storyboard */; };
		BDD9D30F24D8B0410041824F /* Assets.xcassets in Resources */ = {isa = PBXBuildFile; fileRef = BDD9D30E24D8B0410041824F /* Assets.xcassets */; };
		BDD9D31224D8B0410041824F /* LaunchScreen.storyboard in Resources */ = {isa = PBXBuildFile; fileRef = BDD9D31024D8B0410041824F /* LaunchScreen.storyboard */; };
		BDD9D31524D8B0410041824F /* main.m in Sources */ = {isa = PBXBuildFile; fileRef = BDD9D31424D8B0410041824F /* main.m */; };
/* End PBXBuildFile section */

/* Begin PBXFileReference section */
		BDD9D2FF24D8B03E0041824F /* ytdownload.app */ = {isa = PBXFileReference; explicitFileType = wrapper.application; includeInIndex = 0; path = ytdownload.app; sourceTree = BUILT_PRODUCTS_DIR; };
		BDD9D30224D8B03E0041824F /* AppDelegate.h */ = {isa = PBXFileReference; lastKnownFileType = sourcecode.c.h; path = AppDelegate.h; sourceTree = "<group>"; };
		BDD9D30324D8B03E0041824F /* AppDelegate.m */ = {isa = PBXFileReference; lastKnownFileType = sourcecode.c.objc; path = AppDelegate.m; sourceTree = "<group>"; };
		BDD9D30524D8B03E0041824F /* SceneDelegate.h */ = {isa = PBXFileReference; lastKnownFileType = sourcecode.c.h; path = SceneDelegate.h; sourceTree = "<group>"; };
		BDD9D30624D8B03E0041824F /* SceneDelegate.m */ = {isa = PBXFileReference; lastKnownFileType = sourcecode.c.objc; path = SceneDelegate.m; sourceTree = "<group>"; };
		BDD9D30824D8B03E0041824F /* ViewController.h */ = {isa = PBXFileReference; lastKnownFileType = sourcecode.c.h; path = ViewController.h; sourceTree = "<group>"; };
		BDD9D30924D8B03E0041824F /* ViewController.m */ = {isa = PBXFileReference; lastKnownFileType = sourcecode.c.objc; path = ViewController.m; sourceTree = "<group>"; };
		BDD9D30C24D8B03F0041824F /* Base */ = {isa = PBXFileReference; lastKnownFileType = file.storyboard; name = Base; path = Base.lproj/Main.storyboard; sourceTree = "<group>"; };
		BDD9D30E24D8B0410041824F /* Assets.xcassets */ = {isa = PBXFileReference; lastKnownFileType = folder.assetcatalog; path = Assets.xcassets; sourceTree = "<group>"; };
		BDD9D31124D8B0410041824F /* Base */ = {isa = PBXFileReference; lastKnownFileType = file.storyboard; name = Base; path = Base.lproj/LaunchScreen.storyboard; sourceTree = "<group>"; };
		BDD9D31324D8B0410041824F /* Info.plist */ = {isa = PBXFileReference; lastKnownFileType = text.plist.xml; path = Info.plist; sourceTree = "<group>"; };
		BDD9D31424D8B0410041824F /* main.m */ = {isa = PBXFileReference; lastKnownFileType = sourcecode.c.objc; path = main.m; sourceTree = "<group>"; };
/* End PBXFileReference section */

/* Begin PBXFrameworksBuildPhase section */
		BDD9D2FC24D8B03E0041824F /* Frameworks */ = {
			isa = PBXFrameworksBuildPhase;
			buildActionMask = 2147483647;
			files = (
			);
			runOnlyForDeploymentPostprocessing = 0;
		};
/* End PBXFrameworksBuildPhase section */

/* Begin PBXGroup section */
		BDD9D2F624D8B03E0041824F = {
			isa = PBXGroup;
			children = (
				BDD9D30124D8B03E0041824F /* ytdownload */,
				BDD9D30024D8B03E0041824F /* Products */,
			);
			sourceTree = "<group>";
		};
		BDD9D30024D8B03E0041824F /* Products */ = {
			isa = PBXGroup;
			children = (
				BDD9D2FF24D8B03E0041824F /* ytdownload.app */,
			);
			name = Products;
			sourceTree = "<group>";
		};
		BDD9D30124D8B03E0041824F /* ytdownload */ = {
			isa = PBXGroup;
			children = (
				BDD9D30224D8B03E0041824F /* AppDelegate.h */,
				BDD9D30324D8B03E0041824F /* AppDelegate.m */,
				BDD9D30524D8B03E0041824F /* SceneDelegate.h */,
				BDD9D30624D8B03E0041824F /* SceneDelegate.m */,
				BDD9D30824D8B03E0041824F /* ViewController.h */,
				BDD9D30924D8B03E0041824F /* ViewController.m */,
				BDD9D30B24D8B03F0041824F /* Main.storyboard */,
				BDD9D30E24D8B0410041824F /* Assets.xcassets */,
				BDD9D31024D8B0410041824F /* LaunchScreen.storyboard */,
				BDD9D31324D8B0410041824F /* Info.plist */,
				BDD9D31424D8B0410041824F /* main.m */,
			);
			path = ytdownload;
			sourceTree = "<group>";
		};
/* End PBXGroup section */

/* Begin PBXNativeTarget section */
		BDD9D2FE24D8B03E0041824F /* ytdownload */ = {
			isa = PBXNativeTarget;
			buildConfigurationList = BDD9D31824D8B0410041824F /* Build configuration list for PBXNativeTarget "ytdownload" */;
			buildPhases = (
				BDD9D2FB24D8B03E0041824F /* Sources */,
				BDD9D2FC24D8B03E0041824F /* Frameworks */,
				BDD9D2FD24D8B03E0041824F /* Resources */,
			);
			buildRules = (
			);
			dependencies = (
			);
			name = ytdownload;
			productName = ytdownload;
			productReference = BDD9D2FF24D8B03E0041824F /* ytdownload.app */;
			productType = "com.apple.product-type.application";
		};
/* End PBXNativeTarget section */

/* Begin PBXProject section */
		BDD9D2F724D8B03E0041824F /* Project object */ = {
			isa = PBXProject;
			attributes = {
				LastUpgradeCheck = 1160;
				ORGANIZATIONNAME = june;
				TargetAttributes = {
					BDD9D2FE24D8B03E0041824F = {
						CreatedOnToolsVersion = 11.6;
					};
				};
			};
			buildConfigurationList = BDD9D2FA24D8B03E0041824F /* Build configuration list for PBXProject "ytdownload" */;
			compatibilityVersion = "Xcode 9.3";
			developmentRegion = en;
			hasScannedForEncodings = 0;
			knownRegions = (
				en,
				Base,
			);
			mainGroup = BDD9D2F624D8B03E0041824F;
			productRefGroup = BDD9D30024D8B03E0041824F /* Products */;
			projectDirPath = "";
			projectRoot = "";
			targets = (
				BDD9D2FE24D8B03E0041824F /* ytdownload */,
			);
		};
/* End PBXProject section */

/* Begin PBXResourcesBuildPhase section */
		BDD9D2FD24D8B03E0041824F /* Resources */ = {
			isa = PBXResourcesBuildPhase;
			buildActionMask = 2147483647;
			files = (
				BDD9D31224D8B0410041824F /* LaunchScreen.storyboard in Resources */,
				BDD9D30F24D8B0410041824F /* Assets.xcassets in Resources */,
				BDD9D30D24D8B03F0041824F /* Main.storyboard in Resources */,
			);
			runOnlyForDeploymentPostprocessing = 0;
		};
/* End PBXResourcesBuildPhase section */

/* Begin PBXSourcesBuildPhase section */
		BDD9D2FB24D8B03E0041824F /* Sources */ = {
			isa = PBXSourcesBuildPhase;
			buildActionMask = 2147483647;
			files = (
				BDD9D30A24D8B03E0041824F /* ViewController.m in Sources */,
				BDD9D30424D8B03E0041824F /* AppDelegate.m in Sources */,
				BDD9D31524D8B0410041824F /* main.m in Sources */,
				BDD9D30724D8B03E0041824F /* SceneDelegate.m in Sources */,
			);
			runOnlyForDeploymentPostprocessing = 0;
		};
/* End PBXSourcesBuildPhase section */

/* Begin PBXVariantGroup section */
		BDD9D30B24D8B03F0041824F /* Main.storyboard */ = {
			isa = PBXVariantGroup;
			children = (
				BDD9D30C24D8B03F0041824F /* Base */,
			);
			name = Main.storyboard;
			sourceTree = "<group>";
		};
		BDD9D31024D8B0410041824F /* LaunchScreen.storyboard */ = {
			isa = PBXVariantGroup;
			children = (
				BDD9D31124D8B0410041824F /* Base */,
			);
			name = LaunchScreen.storyboard;
			sourceTree = "<group>";
		};
/* End PBXVariantGroup section */

/* Begin XCBuildConfiguration section */
		BDD9D31624D8B0410041824F /* Debug */ = {
			isa = XCBuildConfiguration;
			buildSettings = {
				ALWAYS_SEARCH_USER_PATHS = NO;
				CLANG_ANALYZER_NONNULL = YES;
				CLANG_ANALYZER_NUMBER_OBJECT_CONVERSION = YES_AGGRESSIVE;
				CLANG_CXX_LANGUAGE_STANDARD = "gnu++14";
				CLANG_CXX_LIBRARY = "libc++";
				CLANG_ENABLE_MODULES = YES;
				CLANG_ENABLE_OBJC_ARC = YES;
				CLANG_ENABLE_OBJC_WEAK = YES;
				CLANG_WARN_BLOCK_CAPTURE_AUTORELEASING = YES;
				CLANG_WARN_BOOL_CONVERSION = YES;
				CLANG_WARN_COMMA = YES;
				CLANG_WARN_CONSTANT_CONVERSION = YES;
				CLANG_WARN_DEPRECATED_OBJC_IMPLEMENTATIONS = YES;
				CLANG_WARN_DIRECT_OBJC_ISA_USAGE = YES_ERROR;
				CLANG_WARN_DOCUMENTATION_COMMENTS = YES;
				CLANG_WARN_EMPTY_BODY = YES;
				CLANG_WARN_ENUM_CONVERSION = YES;
				CLANG_WARN_INFINITE_RECURSION = YES;
				CLANG_WARN_INT_CONVERSION = YES;
				CLANG_WARN_NON_LITERAL_NULL_CONVERSION = YES;
				CLANG_WARN_OBJC_IMPLICIT_RETAIN_SELF = YES;
				CLANG_WARN_OBJC_LITERAL_CONVERSION = YES;
				CLANG_WARN_OBJC_ROOT_CLASS = YES_ERROR;
				CLANG_WARN_RANGE_LOOP_ANALYSIS = YES;
				CLANG_WARN_STRICT_PROTOTYPES = YES;
				CLANG_WARN_SUSPICIOUS_MOVE = YES;
				CLANG_WARN_UNGUARDED_AVAILABILITY = YES_AGGRESSIVE;
				CLANG_WARN_UNREACHABLE_CODE = YES;
				CLANG_WARN__DUPLICATE_METHOD_MATCH = YES;
				COPY_PHASE_STRIP = NO;
				DEBUG_INFORMATION_FORMAT = dwarf;
				ENABLE_STRICT_OBJC_MSGSEND = YES;
				ENABLE_TESTABILITY = YES;
				GCC_C_LANGUAGE_STANDARD = gnu11;
				GCC_DYNAMIC_NO_PIC = NO;
				GCC_NO_COMMON_BLOCKS = YES;
				GCC_OPTIMIZATION_LEVEL = 0;
				GCC_PREPROCESSOR_DEFINITIONS = (
					"DEBUG=1",
					"$(inherited)",
				);
				GCC_WARN_64_TO_32_BIT_CONVERSION = YES;
				GCC_WARN_ABOUT_RETURN_TYPE = YES_ERROR;
				GCC_WARN_UNDECLARED_SELECTOR = YES;
				GCC_WARN_UNINITIALIZED_AUTOS = YES_AGGRESSIVE;
				GCC_WARN_UNUSED_FUNCTION = YES;
				GCC_WARN_UNUSED_VARIABLE = YES;
				IPHONEOS_DEPLOYMENT_TARGET = 13.6;
				MTL_ENABLE_DEBUG_INFO = INCLUDE_SOURCE;
				MTL_FAST_MATH = YES;
				ONLY_ACTIVE_ARCH = YES;
				SDKROOT = iphoneos;
			};
			name = Debug;
		};
		BDD9D31724D8B0410041824F /* Release */ = {
			isa = XCBuildConfiguration;
			buildSettings = {
				ALWAYS_SEARCH_USER_PATHS = NO;
				CLANG_ANALYZER_NONNULL = YES;
				CLANG_ANALYZER_NUMBER_OBJECT_CONVERSION = YES_AGGRESSIVE;
				CLANG_CXX_LANGUAGE_STANDARD = "gnu++14";
				CLANG_CXX_LIBRARY = "libc++";
				CLANG_ENABLE_MODULES = YES;
				CLANG_ENABLE_OBJC_ARC = YES;
				CLANG_ENABLE_OBJC_WEAK = YES;
				CLANG_WARN_BLOCK_CAPTURE_AUTORELEASING = YES;
				CLANG_WARN_BOOL_CONVERSION = YES;
				CLANG_WARN_COMMA = YES;
				CLANG_WARN_CONSTANT_CONVERSION = YES;
				CLANG_WARN_DEPRECATED_OBJC_IMPLEMENTATIONS = YES;
				CLANG_WARN_DIRECT_OBJC_ISA_USAGE = YES_ERROR;
				CLANG_WARN_DOCUMENTATION_COMMENTS = YES;
				CLANG_WARN_EMPTY_BODY = YES;
				CLANG_WARN_ENUM_CONVERSION = YES;
				CLANG_WARN_INFINITE_RECURSION = YES;
				CLANG_WARN_INT_CONVERSION = YES;
				CLANG_WARN_NON_LITERAL_NULL_CONVERSION = YES;
				CLANG_WARN_OBJC_IMPLICIT_RETAIN_SELF = YES;
				CLANG_WARN_OBJC_LITERAL_CONVERSION = YES;
				CLANG_WARN_OBJC_ROOT_CLASS = YES_ERROR;
				CLANG_WARN_RANGE_LOOP_ANALYSIS = YES;
				CLANG_WARN_STRICT_PROTOTYPES = YES;
				CLANG_WARN_SUSPICIOUS_MOVE = YES;
				CLANG_WARN_UNGUARDED_AVAILABILITY = YES_AGGRESSIVE;
				CLANG_WARN_UNREACHABLE_CODE = YES;
				CLANG_WARN__DUPLICATE_METHOD_MATCH = YES;
				COPY_PHASE_STRIP = NO;
				DEBUG_INFORMATION_FORMAT = "dwarf-with-dsym";
				ENABLE_NS_ASSERTIONS = NO;
				ENABLE_STRICT_OBJC_MSGSEND = YES;
				GCC_C_LANGUAGE_STANDARD = gnu11;
				GCC_NO_COMMON_BLOCKS = YES;
				GCC_WARN_64_TO_32_BIT_CONVERSION = YES;
				GCC_WARN_ABOUT_RETURN_TYPE = YES_ERROR;
				GCC_WARN_UNDECLARED_SELECTOR = YES;
				GCC_WARN_UNINITIALIZED_AUTOS = YES_AGGRESSIVE;
				GCC_WARN_UNUSED_FUNCTION = YES;
				GCC_WARN_UNUSED_VARIABLE = YES;
				IPHONEOS_DEPLOYMENT_TARGET = 13.6;
				MTL_ENABLE_DEBUG_INFO = NO;
				MTL_FAST_MATH = YES;
				SDKROOT = iphoneos;
				VALIDATE_PRODUCT = YES;
			};
			name = Release;
		};
		BDD9D31924D8B0410041824F /* Debug */ = {
			isa = XCBuildConfiguration;
			buildSettings = {
				ASSETCATALOG_COMPILER_APPICON_NAME = AppIcon;
				CODE_SIGN_STYLE = Automatic;
				INFOPLIST_FILE = ytdownload/Info.plist;
				LD_RUNPATH_SEARCH_PATHS = (
					"$(inherited)",
					"@executable_path/Frameworks",
				);
				PRODUCT_BUNDLE_IDENTIFIER = com.yourcompany.ytdownload;
				PRODUCT_NAME = "$(TARGET_NAME)";
				TARGETED_DEVICE_FAMILY = "1,2";
			};
			name = Debug;
		};
		BDD9D31A24D8B0410041824F /* Release */ = {
			isa = XCBuildConfiguration;
			buildSettings = {
				ASSETCATALOG_COMPILER_APPICON_NAME = AppIcon;
				CODE_SIGN_STYLE = Automatic;
				INFOPLIST_FILE = ytdownload/Info.plist;
				LD_RUNPATH_SEARCH_PATHS = (
					"$(inherited)",
					"@executable_path/Frameworks",
				);
				PRODUCT_BUNDLE_IDENTIFIER = com.yourcompany.ytdownload;
				PRODUCT_NAME = "$(TARGET_NAME)";
				TARGETED_DEVICE_FAMILY = "1,2";
			};
			name = Release;
		};
/* End XCBuildConfiguration section */

/* Begin XCConfigurationList section */
		BDD9D2FA24D8B03E0041824F /* Build configuration list for PBXProject "ytdownload" */ = {
			isa = XCConfigurationList;
			buildConfigurations = (
				BDD9D31624D8B0410041824F /* Debug */,
				BDD9D31724D8B0410041824F /* Release */,
			);
			defaultConfigurationIsVisible = 0;
			defaultConfigurationName = Release;
		};
		BDD9D31824D8B0410041824F /* Build configuration list for PBXNativeTarget "ytdownload" */ = {
			isa = XCConfigurationList;
			buildConfigurations = (
				BDD9D31924D8B0410041824F /* Debug */,
				BDD9D31A24D8B0410041824F /* Release */,
			);
			defaultConfigurationIsVisible = 0;
			defaultConfigurationName = Release;
		};
/* End XCConfigurationList section */
	};
	rootObject = BDD9D2F724D8B03E0041824F /* Project object */;
}
